acl-2.3.2-r1 - Access control list utilities
acl-libs-2.3.2-r1 - Access control list utilities (libraries)
alpine-baselayout-3.7.2-r1 - Alpine base dir structure and init scripts
alpine-baselayout-data-3.7.2-r1 - Alpine base dir structure and init scripts
alpine-keys-2.6-r0 - Public keys for Alpine Linux packages
alpine-release-3.24.1-r0 - Alpine release data
apk-tools-3.0.6-r0 - Alpine Package Keeper - package manager for alpine
attr-2.5.2-r2 - utilities for managing filesystem extended attributes
avahi-libs-0.9_rc4-r0 - Libraries for avahi run-time use
brotli-libs-1.2.0-r1 - Generic lossless compressor (libraries)
busybox-1.37.0-r31 - Size optimized toolbox of many common UNIX utilities
busybox-binsh-1.37.0-r31 - busybox ash /bin/sh
c-ares-1.34.8-r0 - Asynchronous DNS/names resolver library
ca-certificates-bundle-20260611-r0 - Pre generated bundle of Mozilla certificates
cpio-2.15-r0 - tool to copy files into or out of a cpio or tar archive
cryptsetup-libs-2.8.6-r0 - Cryptsetup shared library
cups-libs-2.4.19-r0 - CUPS libraries
dbus-libs-1.16.2-r2 - D-BUS access libraries
device-mapper-libs-2.03.35-r3 - Device-mapper shared library
file-5.47-r2 - File type identification utility
gdbm-1.26-r0 - GNU dbm is a set of database routines that use extensible hashing
git-2.54.0-r0 - Distributed version control system
git-init-template-2.54.0-r0 - Git init template directory
git-zsh-completion-5.9-r7 - Zsh completions for git
gmp-6.3.0-r4 - free library for arbitrary precision arithmetic
gnutls-3.8.13-r0 - TLS protocol implementation
grep-3.12-r0 - Searches input files for lines containing a match to a specified pattern
icu-data-en-78.1-r0 - Stripped down ICU data with only en_US/GB locale and no legacy charset converters
icu-libs-78.1-r0 - International Components for Unicode library (libraries)
iproute2-7.0.0-r0 - IP Routing Utilities
iproute2-minimal-7.0.0-r0 - IP Routing Utilities (/sbin/ip only)
iproute2-ss-7.0.0-r0 - IP Routing Utilities (socket statistics tool)
iproute2-tc-7.0.0-r0 - IP Routing Utilities (traffic control and XDP support)
jansson-2.15.0-r0 - lightweight JSON library
jq-1.8.1-r0 - A lightweight and flexible command-line JSON processor
json-c-0.18-r1 - A JSON implementation in C
kmod-34.2-r1 - Linux kernel module management utilities
kmod-libs-34.2-r1 - Linux kernel module management utilities (libraries)
kmod-zsh-completion-34.2-r1 - Zsh completions for kmod
ldb-4.23.8-r0 - Schema-less, ldap like, API and database
lddtree-1.27-r0 - List dynamic dependencies as a tree
libapk-3.0.6-r0 - Alpine Package Keeper - package manager for alpine
libattr-2.5.2-r2 - utilities for managing filesystem extended attributes (libraries)
libauth-samba-4.23.8-r0 - Samba auth library shared by common-tools, server and clients
libblkid-2.42.1-r0 - Block device identification library from util-linux
libcap2-2.78-r0 - POSIX 1003.1e capabilities (libraries)
libcrypto3-3.5.7-r0 - Crypto library from openssl
libcurl-8.21.0-r0 - The multiprotocol file transfer library
libeconf-0.8.3-r0 - Enhanced Config File Parser
libelf-0.195-r0 - Library to read, modify and create ELF files
libexpat-2.8.4-r0 - XML Parser library written in C (libraries)
libffi-3.5.2-r1 - portable, high level programming interface to various calling conventions.
libgcc-15.2.0-r5 - GNU C compiler runtime libraries
libidn2-2.3.8-r0 - Encode/Decode library for internationalized domain names
libintl-1.0-r0 - GNU gettext runtime library
libldap-2.6.14-r0 - OpenLDAP libraries
libmagic-5.47-r2 - File type identification library
libmnl-1.0.5-r2 - Library for minimalistic netlink
libncursesw-6.6_p20260516-r0 - Console display library (libncursesw)
libpsl-0.21.5-r3 - C library for the Publix Suffix List
libsasl-2.1.28-r9 - Cyrus Simple Authentication and Security Layer (SASL) library
libssl3-3.5.7-r0 - SSL shared libraries
libstdc++-15.2.0-r5 - GNU C++ standard runtime library
libtasn1-4.21.0-r0 - The ASN.1 library used in GNUTLS
libunistring-1.4.2-r0 - Library for manipulating Unicode strings and C strings
liburing-2.14-r0 - Linux kernel io_uring access library
libuuid-2.42.1-r0 - DCE compatible Universally Unique Identifier library
libwbclient-4.23.8-r0 - Samba winbind client libraries
libxtables-1.8.13-r0 - Linux kernel firewall, NAT and packet mangling tools (xtables library)
linux-pam-1.7.1-r2 - Linux PAM (Pluggable Authentication Modules for Linux)
linux-virt-6.18.48-r0 - Linux lts kernel
lmdb-0.9.35-r0 - Lightning Memory-Mapped Database
mdev-conf-4.10-r0 - Configuration files for mdev and mdevd
mkinitfs-3.14.0-r0 - Tool to generate initramfs images for Alpine
musl-1.2.6-r2 - the musl c library (libc) implementation
musl-utils-1.2.6-r2 - the musl c library (libc) implementation
ncurses-terminfo-base-6.6_p20260516-r0 - Descriptions of common terminals
nettle-3.10.2-r0 - Low-level cryptographic library
nghttp2-libs-1.69.0-r0 - HTTP/2 C client, server and proxy (libraries)
oniguruma-6.9.10-r0 - a regular expressions library
openssh-keygen-10.3_p1-r1 - ssh helper program for generating keys
openssh-server-10.3_p1-r1 - OpenSSH server
openssh-server-common-10.3_p1-r1 - OpenSSH server configuration files
openssh-sftp-server-10.3_p1-r1 - ssh sftp server module
p11-kit-0.26.2-r0 - Library for loading and sharing PKCS#11 modules
p11-kit-zsh-completion-0.26.2-r0 - Zsh completions for p11-kit
pcre2-10.47-r1 - Perl-compatible regular expression library
popt-1.19-r4 - commandline option parser
readline-8.3.3-r1 - GNU readline library
samba-client-libs-4.23.8-r0 - Samba libraries used by clients
samba-common-4.23.8-r0 - Samba common files for both client an servers
samba-common-server-libs-4.23.8-r0 - Samba libraries shared by common-tools and servers
samba-common-tools-4.23.8-r0 - Tools for Samba servers and clients
samba-libs-4.23.8-r0 - Samba core libraries shared by common-tools, server and clients
samba-server-4.23.8-r0 - Samba server
samba-util-libs-4.23.8-r0 - Samba utility libraries
scanelf-1.3.9-r1 - Scan ELF binaries for stuff
skalibs-libs-2.15.0.0-r0 - Set of general-purpose C programming libraries for skarnet.org software. (libraries)
socat-1.8.1.3-r0 - Multipurpose relay for binary protocols
ssl_client-1.37.0-r31 - External ssl_client for busybox wget
talloc-2.4.4-r1 - Memory pool management library
tar-1.35-r5 - Utility used to store, backup, and transport files
tdb-libs-1.4.15-r1 - The tdb library (libraries)
tevent-0.17.1-r1 - The tevent library
utmps-libs-0.1.3.3-r0 - A secure utmp/wtmp implementation (libraries)
xz-libs-5.8.3-r0 - Library and CLI tools for XZ and LZMA compressed files (libraries)
zlib-1.3.2-r0 - A compression/decompression Library
zsh-5.9-r7 - Very advanced and programmable command interpreter (shell)
zstd-libs-1.5.7-r2 - Zstandard - Fast real-time compression algorithm (libraries)
